
Microsoft Visual Studio Solution File, Format Version 12.00
# Visual Studio Version 16
VisualStudioVersion = 16.0.31515.178
MinimumVisualStudioVersion = 10.0.40219.1
Project("{FAE04EC0-301F-11D3-BF4B-00C04F79EFBC}") = "TurismoReal_Servicio.Api", "TurismoReal_Servicio.Api\TurismoReal_Servicio.Api.csproj", "{660B326E-D6F9-4B8F-83FE-4B4DFEEF61B2}"
EndProject
Project("{FAE04EC0-301F-11D3-BF4B-00C04F79EFBC}") = "TurismoReal_Servicio.Core", "TurismoReal_Servicio.Core\TurismoReal_Servicio.Core.csproj", "{95F06B09-C573-4E6D-8E29-5D0C98A02D84}"
EndProject
Project("{FAE04EC0-301F-11D3-BF4B-00C04F79EFBC}") = "TurismoReal_Servicio.Infra", "TurismoReal_Servicio.Infra\TurismoReal_Servicio.Infra.csproj", "{D1BD6BC2-5429-4C0E-8238-3544E3F28771}"
EndProject
Global
	GlobalSection(SolutionConfigurationPlatforms) = preSolution
		Debug|Any CPU = Debug|Any CPU
		Release|Any CPU = Release|Any CPU
	EndGlobalSection
	GlobalSection(ProjectConfigurationPlatforms) = postSolution
		{660B326E-D6F9-4B8F-83FE-4B4DFEEF61B2}.Debug|Any CPU.ActiveCfg = Debug|Any CPU
		{660B326E-D6F9-4B8F-83FE-4B4DFEEF61B2}.Debug|Any CPU.Build.0 = Debug|Any CPU
		{660B326E-D6F9-4B8F-83FE-4B4DFEEF61B2}.Release|Any CPU.ActiveCfg = Release|Any CPU
		{660B326E-D6F9-4B8F-83FE-4B4DFEEF61B2}.Release|Any CPU.Build.0 = Release|Any CPU
		{95F06B09-C573-4E6D-8E29-5D0C98A02D84}.Debug|Any CPU.ActiveCfg = Debug|Any CPU
		{95F06B09-C573-4E6D-8E29-5D0C98A02D84}.Debug|Any CPU.Build.0 = Debug|Any CPU
		{95F06B09-C573-4E6D-8E29-5D0C98A02D84}.Release|Any CPU.ActiveCfg = Release|Any CPU
		{95F06B09-C573-4E6D-8E29-5D0C98A02D84}.Release|Any CPU.Build.0 = Release|Any CPU
		{D1BD6BC2-5429-4C0E-8238-3544E3F28771}.Debug|Any CPU.ActiveCfg = Debug|Any CPU
		{D1BD6BC2-5429-4C0E-8238-3544E3F28771}.Debug|Any CPU.Build.0 = Debug|Any CPU
		{D1BD6BC2-5429-4C0E-8238-3544E3F28771}.Release|Any CPU.ActiveCfg = Release|Any CPU
		{D1BD6BC2-5429-4C0E-8238-3544E3F28771}.Release|Any CPU.Build.0 = Release|Any CPU
	EndGlobalSection
	GlobalSection(SolutionProperties) = preSolution
		HideSolutionNode = FALSE
	EndGlobalSection
	GlobalSection(ExtensibilityGlobals) = postSolution
		SolutionGuid = {6097DF5A-88F2-4F45-944C-CA6DA54D383B}
	EndGlobalSection
EndGlobal
